
Microsoft Visual Studio Solution File, Format Version 12.00
# Visual Studio Version 17
VisualStudioVersion = 17.3.32811.315
MinimumVisualStudioVersion = 10.0.40219.1
Project("{FAE04EC0-301F-11D3-BF4B-00C04F79EFBC}") = "AdvancedZoomAndPanSample", "AdvancedZoomAndPanSample.csproj", "{120DA64E-D1B0-4D35-96CA-E3986504A1B9}"
EndProject
Project("{FAE04EC0-301F-11D3-BF4B-00C04F79EFBC}") = "ZoomAndPan", "ZoomAndPan\ZoomAndPan.csproj", "{5837851E-CC0E-4F2B-8CBE-5081DCAD7F36}"
EndProject
Global
	GlobalSection(SolutionConfigurationPlatforms) = preSolution
		Debug|Any CPU = Debug|Any CPU
		Release|Any CPU = Release|Any CPU
	EndGlobalSection
	GlobalSection(ProjectConfigurationPlatforms) = postSolution
		{120DA64E-D1B0-4D35-96CA-E3986504A1B9}.Debug|Any CPU.ActiveCfg = Debug|Any CPU
		{120DA64E-D1B0-4D35-96CA-E3986504A1B9}.Debug|Any CPU.Build.0 = Debug|Any CPU
		{120DA64E-D1B0-4D35-96CA-E3986504A1B9}.Release|Any CPU.ActiveCfg = Release|Any CPU
		{120DA64E-D1B0-4D35-96CA-E3986504A1B9}.Release|Any CPU.Build.0 = Release|Any CPU
		{5837851E-CC0E-4F2B-8CBE-5081DCAD7F36}.Debug|Any CPU.ActiveCfg = Debug|Any CPU
		{5837851E-CC0E-4F2B-8CBE-5081DCAD7F36}.Debug|Any CPU.Build.0 = Debug|Any CPU
		{5837851E-CC0E-4F2B-8CBE-5081DCAD7F36}.Release|Any CPU.ActiveCfg = Release|Any CPU
		{5837851E-CC0E-4F2B-8CBE-5081DCAD7F36}.Release|Any CPU.Build.0 = Release|Any CPU
	EndGlobalSection
	GlobalSection(SolutionProperties) = preSolution
		HideSolutionNode = FALSE
	EndGlobalSection
	GlobalSection(ExtensibilityGlobals) = postSolution
		SolutionGuid = {E0A10B0E-A2C8-4D20-BFF4-F39BF4ECA028}
	EndGlobalSection
EndGlobal
